
Microsoft Visual Studio Solution File, Format Version 12.00
# Visual Studio 15
VisualStudioVersion = 15.0.28010.2041
MinimumVisualStudioVersion = 10.0.40219.1
Project("{9A19103F-16F7-4668-BE54-9A1E7A4F7556}") = "FacturationApi", "src\FacturationApi\FacturationApi.csproj", "{386DBE6E-8DCF-4736-A6D4-A7E50DEAE3A7}"
EndProject
Project("{2150E333-8FDC-42A3-9474-1A3956D46DE8}") = "src", "src", "{CC1FBAA4-B782-4732-B0E4-044BF48B4DEA}"
EndProject
Project("{2150E333-8FDC-42A3-9474-1A3956D46DE8}") = "domain", "domain", "{1F9D896B-15F5-4F33-A66D-F1387FE3356A}"
EndProject
Project("{2150E333-8FDC-42A3-9474-1A3956D46DE8}") = "app", "app", "{9E5A3CEC-52B9-43CA-A75F-945F834FDC59}"
EndProject
Project("{9A19103F-16F7-4668-BE54-9A1E7A4F7556}") = "Web", "src\Web\Web.csproj", "{AEAA3DD6-59E8-49B5-8CDA-C37F17294884}"
EndProject
Project("{2150E333-8FDC-42A3-9474-1A3956D46DE8}") = "infra", "infra", "{735A3481-4CBD-4BA0-B054-5BBA3433427A}"
EndProject
Project("{9A19103F-16F7-4668-BE54-9A1E7A4F7556}") = "DbContext", "src\DbContext\DbContext.csproj", "{A28B3325-4ACA-4AF7-B66C-F7CF8F44C868}"
EndProject
Project("{9A19103F-16F7-4668-BE54-9A1E7A4F7556}") = "Pdf", "src\Pdf\Pdf.csproj", "{A92BC79F-A154-4A00-9CCF-2869BC227F1C}"
EndProject
Project("{2150E333-8FDC-42A3-9474-1A3956D46DE8}") = "example", "example", "{FBFBC35C-4F5B-4251-B0CC-886B76EBFBA2}"
EndProject
Project("{9A19103F-16F7-4668-BE54-9A1E7A4F7556}") = "FileSystem", "src\FileSystem\FileSystem.csproj", "{EEB859F5-BE9B-4A1E-8F66-EAA041FF8AF9}"
EndProject
Project("{9A19103F-16F7-4668-BE54-9A1E7A4F7556}") = "RepositoryExample", "example\RepositoryExample\RepositoryExample.csproj", "{C5F12436-0F31-48B2-AD00-860197E427D9}"
EndProject
Global
	GlobalSection(SolutionConfigurationPlatforms) = preSolution
		Debug|Any CPU = Debug|Any CPU
		Release|Any CPU = Release|Any CPU
	EndGlobalSection
	GlobalSection(ProjectConfigurationPlatforms) = postSolution
		{386DBE6E-8DCF-4736-A6D4-A7E50DEAE3A7}.Debug|Any CPU.ActiveCfg = Debug|Any CPU
		{386DBE6E-8DCF-4736-A6D4-A7E50DEAE3A7}.Debug|Any CPU.Build.0 = Debug|Any CPU
		{386DBE6E-8DCF-4736-A6D4-A7E50DEAE3A7}.Release|Any CPU.ActiveCfg = Release|Any CPU
		{386DBE6E-8DCF-4736-A6D4-A7E50DEAE3A7}.Release|Any CPU.Build.0 = Release|Any CPU
		{AEAA3DD6-59E8-49B5-8CDA-C37F17294884}.Debug|Any CPU.ActiveCfg = Debug|Any CPU
		{AEAA3DD6-59E8-49B5-8CDA-C37F17294884}.Debug|Any CPU.Build.0 = Debug|Any CPU
		{AEAA3DD6-59E8-49B5-8CDA-C37F17294884}.Release|Any CPU.ActiveCfg = Release|Any CPU
		{AEAA3DD6-59E8-49B5-8CDA-C37F17294884}.Release|Any CPU.Build.0 = Release|Any CPU
		{A28B3325-4ACA-4AF7-B66C-F7CF8F44C868}.Debug|Any CPU.ActiveCfg = Debug|Any CPU
		{A28B3325-4ACA-4AF7-B66C-F7CF8F44C868}.Debug|Any CPU.Build.0 = Debug|Any CPU
		{A28B3325-4ACA-4AF7-B66C-F7CF8F44C868}.Release|Any CPU.ActiveCfg = Release|Any CPU
		{A28B3325-4ACA-4AF7-B66C-F7CF8F44C868}.Release|Any CPU.Build.0 = Release|Any CPU
		{A92BC79F-A154-4A00-9CCF-2869BC227F1C}.Debug|Any CPU.ActiveCfg = Debug|Any CPU
		{A92BC79F-A154-4A00-9CCF-2869BC227F1C}.Debug|Any CPU.Build.0 = Debug|Any CPU
		{A92BC79F-A154-4A00-9CCF-2869BC227F1C}.Release|Any CPU.ActiveCfg = Release|Any CPU
		{A92BC79F-A154-4A00-9CCF-2869BC227F1C}.Release|Any CPU.Build.0 = Release|Any CPU
		{EEB859F5-BE9B-4A1E-8F66-EAA041FF8AF9}.Debug|Any CPU.ActiveCfg = Debug|Any CPU
		{EEB859F5-BE9B-4A1E-8F66-EAA041FF8AF9}.Debug|Any CPU.Build.0 = Debug|Any CPU
		{EEB859F5-BE9B-4A1E-8F66-EAA041FF8AF9}.Release|Any CPU.ActiveCfg = Release|Any CPU
		{EEB859F5-BE9B-4A1E-8F66-EAA041FF8AF9}.Release|Any CPU.Build.0 = Release|Any CPU
		{C5F12436-0F31-48B2-AD00-860197E427D9}.Debug|Any CPU.ActiveCfg = Debug|Any CPU
		{C5F12436-0F31-48B2-AD00-860197E427D9}.Debug|Any CPU.Build.0 = Debug|Any CPU
		{C5F12436-0F31-48B2-AD00-860197E427D9}.Release|Any CPU.ActiveCfg = Release|Any CPU
		{C5F12436-0F31-48B2-AD00-860197E427D9}.Release|Any CPU.Build.0 = Release|Any CPU
	EndGlobalSection
	GlobalSection(SolutionProperties) = preSolution
		HideSolutionNode = FALSE
	EndGlobalSection
	GlobalSection(NestedProjects) = preSolution
		{386DBE6E-8DCF-4736-A6D4-A7E50DEAE3A7} = {1F9D896B-15F5-4F33-A66D-F1387FE3356A}
		{1F9D896B-15F5-4F33-A66D-F1387FE3356A} = {CC1FBAA4-B782-4732-B0E4-044BF48B4DEA}
		{9E5A3CEC-52B9-43CA-A75F-945F834FDC59} = {CC1FBAA4-B782-4732-B0E4-044BF48B4DEA}
		{AEAA3DD6-59E8-49B5-8CDA-C37F17294884} = {9E5A3CEC-52B9-43CA-A75F-945F834FDC59}
		{735A3481-4CBD-4BA0-B054-5BBA3433427A} = {CC1FBAA4-B782-4732-B0E4-044BF48B4DEA}
		{A28B3325-4ACA-4AF7-B66C-F7CF8F44C868} = {735A3481-4CBD-4BA0-B054-5BBA3433427A}
		{A92BC79F-A154-4A00-9CCF-2869BC227F1C} = {735A3481-4CBD-4BA0-B054-5BBA3433427A}
		{EEB859F5-BE9B-4A1E-8F66-EAA041FF8AF9} = {735A3481-4CBD-4BA0-B054-5BBA3433427A}
		{C5F12436-0F31-48B2-AD00-860197E427D9} = {FBFBC35C-4F5B-4251-B0CC-886B76EBFBA2}
	EndGlobalSection
	GlobalSection(ExtensibilityGlobals) = postSolution
		SolutionGuid = {0C284B11-AF5B-4312-B1F1-4BEACA6CBB9C}
	EndGlobalSection
EndGlobal
