
Microsoft Visual Studio Solution File, Format Version 12.00
# Visual Studio Version 16
VisualStudioVersion = 16.0.29613.14
MinimumVisualStudioVersion = 10.0.40219.1
Project("{9A19103F-16F7-4668-BE54-9A1E7A4F7556}") = "FacturationApi", "src\FacturationApi\FacturationApi.csproj", "{386DBE6E-8DCF-4736-A6D4-A7E50DEAE3A7}"
EndProject
Project("{2150E333-8FDC-42A3-9474-1A3956D46DE8}") = "src", "src", "{CC1FBAA4-B782-4732-B0E4-044BF48B4DEA}"
EndProject
Project("{2150E333-8FDC-42A3-9474-1A3956D46DE8}") = "domain", "domain", "{1F9D896B-15F5-4F33-A66D-F1387FE3356A}"
EndProject
Project("{2150E333-8FDC-42A3-9474-1A3956D46DE8}") = "app", "app", "{9E5A3CEC-52B9-43CA-A75F-945F834FDC59}"
EndProject
Project("{9A19103F-16F7-4668-BE54-9A1E7A4F7556}") = "Web", "src\Web\Web.csproj", "{AEAA3DD6-59E8-49B5-8CDA-C37F17294884}"
EndProject
Project("{2150E333-8FDC-42A3-9474-1A3956D46DE8}") = "infra", "infra", "{735A3481-4CBD-4BA0-B054-5BBA3433427A}"
EndProject
Project("{9A19103F-16F7-4668-BE54-9A1E7A4F7556}") = "DbContext", "src\DbContext\DbContext.csproj", "{A28B3325-4ACA-4AF7-B66C-F7CF8F44C868}"
EndProject
Project("{9A19103F-16F7-4668-BE54-9A1E7A4F7556}") = "FileSystem", "src\FileSystem\FileSystem.csproj", "{EEB859F5-BE9B-4A1E-8F66-EAA041FF8AF9}"
EndProject
Project("{2150E333-8FDC-42A3-9474-1A3956D46DE8}") = "cicd", "cicd", "{858E4A17-6E70-48BC-A339-81D0E6352A3E}"
	ProjectSection(SolutionItems) = preProject
		certbot.txt = certbot.txt
		cicd\docker-build = cicd\docker-build
		cicd\docker-compose.yml = cicd\docker-compose.yml
		cicd\example.env = cicd\example.env
	EndProjectSection
EndProject
Project("{9A19103F-16F7-4668-BE54-9A1E7A4F7556}") = "Smtp", "src\Smtp\Smtp.csproj", "{1E5A0585-FD51-4FA8-8DF3-7876B7D7918B}"
EndProject
Project("{2150E333-8FDC-42A3-9474-1A3956D46DE8}") = "api", "api", "{3323A485-C377-4460-9930-85852121B483}"
	ProjectSection(SolutionItems) = preProject
		cicd\api\Dockerfile = cicd\api\Dockerfile
	EndProjectSection
EndProject
Project("{2150E333-8FDC-42A3-9474-1A3956D46DE8}") = "db", "db", "{A8642122-BEBA-4913-AF03-4EA6D35D7A04}"
	ProjectSection(SolutionItems) = preProject
		cicd\db\Dockerfile = cicd\db\Dockerfile
		cicd\db\entrypoint = cicd\db\entrypoint
		cicd\db\init.sql = cicd\db\init.sql
		cicd\db\mysqld.cnf = cicd\db\mysqld.cnf
	EndProjectSection
EndProject
Project("{2150E333-8FDC-42A3-9474-1A3956D46DE8}") = "ged", "ged", "{04981EA7-A3DE-4EAF-85D4-CAC4743C4FE7}"
	ProjectSection(SolutionItems) = preProject
		cicd\ged\Dockerfile = cicd\ged\Dockerfile
		cicd\ged\entrypoint = cicd\ged\entrypoint
		cicd\ged\vsftpd = cicd\ged\vsftpd
		cicd\ged\vsftpd.conf = cicd\ged\vsftpd.conf
	EndProjectSection
EndProject
Project("{2150E333-8FDC-42A3-9474-1A3956D46DE8}") = "smtp", "smtp", "{9C5B8B66-6C10-4563-9EBD-0387A5C23840}"
	ProjectSection(SolutionItems) = preProject
		cicd\smtp\Dockerfile = cicd\smtp\Dockerfile
		cicd\smtp\entrypoint = cicd\smtp\entrypoint
	EndProjectSection
EndProject
Project("{2150E333-8FDC-42A3-9474-1A3956D46DE8}") = "front", "front", "{D0524B66-BD24-4BD3-8543-E0DDB32B7BC5}"
	ProjectSection(SolutionItems) = preProject
		cicd\front\Dockerfile = cicd\front\Dockerfile
	EndProjectSection
EndProject
Project("{2150E333-8FDC-42A3-9474-1A3956D46DE8}") = "gateway", "gateway", "{AA3B28F7-2AFD-41D3-83E0-8FFEB989F2D6}"
	ProjectSection(SolutionItems) = preProject
		cicd\gateway\Dockerfile = cicd\gateway\Dockerfile
		cicd\gateway\entrypoint = cicd\gateway\entrypoint
	EndProjectSection
EndProject
Project("{9A19103F-16F7-4668-BE54-9A1E7A4F7556}") = "Excel", "src\Excel\Excel.csproj", "{085BD000-3E02-43D2-8CBC-3D7F49E0868B}"
EndProject
Project("{9A19103F-16F7-4668-BE54-9A1E7A4F7556}") = "Pdf", "src\Pdf\Pdf.csproj", "{F8793030-A0EE-48EC-88B3-13353958CE31}"
EndProject
Global
	GlobalSection(SolutionConfigurationPlatforms) = preSolution
		Debug|Any CPU = Debug|Any CPU
		Release|Any CPU = Release|Any CPU
	EndGlobalSection
	GlobalSection(ProjectConfigurationPlatforms) = postSolution
		{386DBE6E-8DCF-4736-A6D4-A7E50DEAE3A7}.Debug|Any CPU.ActiveCfg = Debug|Any CPU
		{386DBE6E-8DCF-4736-A6D4-A7E50DEAE3A7}.Debug|Any CPU.Build.0 = Debug|Any CPU
		{386DBE6E-8DCF-4736-A6D4-A7E50DEAE3A7}.Release|Any CPU.ActiveCfg = Release|Any CPU
		{386DBE6E-8DCF-4736-A6D4-A7E50DEAE3A7}.Release|Any CPU.Build.0 = Release|Any CPU
		{AEAA3DD6-59E8-49B5-8CDA-C37F17294884}.Debug|Any CPU.ActiveCfg = Debug|Any CPU
		{AEAA3DD6-59E8-49B5-8CDA-C37F17294884}.Debug|Any CPU.Build.0 = Debug|Any CPU
		{AEAA3DD6-59E8-49B5-8CDA-C37F17294884}.Release|Any CPU.ActiveCfg = Release|Any CPU
		{AEAA3DD6-59E8-49B5-8CDA-C37F17294884}.Release|Any CPU.Build.0 = Release|Any CPU
		{A28B3325-4ACA-4AF7-B66C-F7CF8F44C868}.Debug|Any CPU.ActiveCfg = Debug|Any CPU
		{A28B3325-4ACA-4AF7-B66C-F7CF8F44C868}.Debug|Any CPU.Build.0 = Debug|Any CPU
		{A28B3325-4ACA-4AF7-B66C-F7CF8F44C868}.Release|Any CPU.ActiveCfg = Release|Any CPU
		{A28B3325-4ACA-4AF7-B66C-F7CF8F44C868}.Release|Any CPU.Build.0 = Release|Any CPU
		{EEB859F5-BE9B-4A1E-8F66-EAA041FF8AF9}.Debug|Any CPU.ActiveCfg = Debug|Any CPU
		{EEB859F5-BE9B-4A1E-8F66-EAA041FF8AF9}.Debug|Any CPU.Build.0 = Debug|Any CPU
		{EEB859F5-BE9B-4A1E-8F66-EAA041FF8AF9}.Release|Any CPU.ActiveCfg = Release|Any CPU
		{EEB859F5-BE9B-4A1E-8F66-EAA041FF8AF9}.Release|Any CPU.Build.0 = Release|Any CPU
		{1E5A0585-FD51-4FA8-8DF3-7876B7D7918B}.Debug|Any CPU.ActiveCfg = Debug|Any CPU
		{1E5A0585-FD51-4FA8-8DF3-7876B7D7918B}.Debug|Any CPU.Build.0 = Debug|Any CPU
		{1E5A0585-FD51-4FA8-8DF3-7876B7D7918B}.Release|Any CPU.ActiveCfg = Release|Any CPU
		{1E5A0585-FD51-4FA8-8DF3-7876B7D7918B}.Release|Any CPU.Build.0 = Release|Any CPU
		{085BD000-3E02-43D2-8CBC-3D7F49E0868B}.Debug|Any CPU.ActiveCfg = Debug|Any CPU
		{085BD000-3E02-43D2-8CBC-3D7F49E0868B}.Debug|Any CPU.Build.0 = Debug|Any CPU
		{085BD000-3E02-43D2-8CBC-3D7F49E0868B}.Release|Any CPU.ActiveCfg = Release|Any CPU
		{085BD000-3E02-43D2-8CBC-3D7F49E0868B}.Release|Any CPU.Build.0 = Release|Any CPU
		{F8793030-A0EE-48EC-88B3-13353958CE31}.Debug|Any CPU.ActiveCfg = Debug|Any CPU
		{F8793030-A0EE-48EC-88B3-13353958CE31}.Debug|Any CPU.Build.0 = Debug|Any CPU
		{F8793030-A0EE-48EC-88B3-13353958CE31}.Release|Any CPU.ActiveCfg = Release|Any CPU
		{F8793030-A0EE-48EC-88B3-13353958CE31}.Release|Any CPU.Build.0 = Release|Any CPU
	EndGlobalSection
	GlobalSection(SolutionProperties) = preSolution
		HideSolutionNode = FALSE
	EndGlobalSection
	GlobalSection(NestedProjects) = preSolution
		{386DBE6E-8DCF-4736-A6D4-A7E50DEAE3A7} = {1F9D896B-15F5-4F33-A66D-F1387FE3356A}
		{1F9D896B-15F5-4F33-A66D-F1387FE3356A} = {CC1FBAA4-B782-4732-B0E4-044BF48B4DEA}
		{9E5A3CEC-52B9-43CA-A75F-945F834FDC59} = {CC1FBAA4-B782-4732-B0E4-044BF48B4DEA}
		{AEAA3DD6-59E8-49B5-8CDA-C37F17294884} = {9E5A3CEC-52B9-43CA-A75F-945F834FDC59}
		{735A3481-4CBD-4BA0-B054-5BBA3433427A} = {CC1FBAA4-B782-4732-B0E4-044BF48B4DEA}
		{A28B3325-4ACA-4AF7-B66C-F7CF8F44C868} = {735A3481-4CBD-4BA0-B054-5BBA3433427A}
		{EEB859F5-BE9B-4A1E-8F66-EAA041FF8AF9} = {735A3481-4CBD-4BA0-B054-5BBA3433427A}
		{1E5A0585-FD51-4FA8-8DF3-7876B7D7918B} = {735A3481-4CBD-4BA0-B054-5BBA3433427A}
		{3323A485-C377-4460-9930-85852121B483} = {858E4A17-6E70-48BC-A339-81D0E6352A3E}
		{A8642122-BEBA-4913-AF03-4EA6D35D7A04} = {858E4A17-6E70-48BC-A339-81D0E6352A3E}
		{04981EA7-A3DE-4EAF-85D4-CAC4743C4FE7} = {858E4A17-6E70-48BC-A339-81D0E6352A3E}
		{9C5B8B66-6C10-4563-9EBD-0387A5C23840} = {858E4A17-6E70-48BC-A339-81D0E6352A3E}
		{D0524B66-BD24-4BD3-8543-E0DDB32B7BC5} = {858E4A17-6E70-48BC-A339-81D0E6352A3E}
		{AA3B28F7-2AFD-41D3-83E0-8FFEB989F2D6} = {858E4A17-6E70-48BC-A339-81D0E6352A3E}
		{085BD000-3E02-43D2-8CBC-3D7F49E0868B} = {735A3481-4CBD-4BA0-B054-5BBA3433427A}
		{F8793030-A0EE-48EC-88B3-13353958CE31} = {735A3481-4CBD-4BA0-B054-5BBA3433427A}
	EndGlobalSection
	GlobalSection(ExtensibilityGlobals) = postSolution
		SolutionGuid = {0C284B11-AF5B-4312-B1F1-4BEACA6CBB9C}
	EndGlobalSection
EndGlobal
